
Microsoft Visual Studio Solution File, Format Version 12.00
# Visual Studio Version 17
VisualStudioVersion = 17.7.34031.279
MinimumVisualStudioVersion = 10.0.40219.1
Project("{FAE04EC0-301F-11D3-BF4B-00C04F79EFBC}") = "Nim_Game", "Nim_Game\Nim_Game.csproj", "{C099A104-BF4D-4ACA-BE80-C500E9B3DF22}"
EndProject
Global
	GlobalSection(SolutionConfigurationPlatforms) = preSolution
		Debug|Any CPU = Debug|Any CPU
		Release|Any CPU = Release|Any CPU
	EndGlobalSection
	GlobalSection(ProjectConfigurationPlatforms) = postSolution
		{C099A104-BF4D-4ACA-BE80-C500E9B3DF22}.Debug|Any CPU.ActiveCfg = Debug|Any CPU
		{C099A104-BF4D-4ACA-BE80-C500E9B3DF22}.Debug|Any CPU.Build.0 = Debug|Any CPU
		{C099A104-BF4D-4ACA-BE80-C500E9B3DF22}.Release|Any CPU.ActiveCfg = Release|Any CPU
		{C099A104-BF4D-4ACA-BE80-C500E9B3DF22}.Release|Any CPU.Build.0 = Release|Any CPU
	EndGlobalSection
	GlobalSection(SolutionProperties) = preSolution
		HideSolutionNode = FALSE
	EndGlobalSection
	GlobalSection(ExtensibilityGlobals) = postSolution
		SolutionGuid = {8105A329-4A39-4C58-A0D7-8226770694BA}
	EndGlobalSection
EndGlobal
